
Microsoft Visual Studio Solution File, Format Version 12.00
# Visual Studio Version 17
VisualStudioVersion = 17.0.32014.148
MinimumVisualStudioVersion = 10.0.40219.1
Project("{FAE04EC0-301F-11D3-BF4B-00C04F79EFBC}") = "New World", "New World\New World.csproj", "{BC3D71F1-279C-46C4-9ACF-68CA1861C8C6}"
EndProject
Global
	GlobalSection(SolutionConfigurationPlatforms) = preSolution
		Debug|Any CPU = Debug|Any CPU
		Release|Any CPU = Release|Any CPU
	EndGlobalSection
	GlobalSection(ProjectConfigurationPlatforms) = postSolution
		{BC3D71F1-279C-46C4-9ACF-68CA1861C8C6}.Debug|Any CPU.ActiveCfg = Debug|Any CPU
		{BC3D71F1-279C-46C4-9ACF-68CA1861C8C6}.Debug|Any CPU.Build.0 = Debug|Any CPU
		{BC3D71F1-279C-46C4-9ACF-68CA1861C8C6}.Release|Any CPU.ActiveCfg = Release|Any CPU
		{BC3D71F1-279C-46C4-9ACF-68CA1861C8C6}.Release|Any CPU.Build.0 = Release|Any CPU
	EndGlobalSection
	GlobalSection(SolutionProperties) = preSolution
		HideSolutionNode = FALSE
	EndGlobalSection
	GlobalSection(ExtensibilityGlobals) = postSolution
		SolutionGuid = {5091F8AD-307C-48A4-B5DC-EECC24869A3B}
	EndGlobalSection
EndGlobal
